
Microsoft Visual Studio Solution File, Format Version 12.00
# Visual Studio Version 16
VisualStudioVersion = 16.0.30503.244
MinimumVisualStudioVersion = 10.0.40219.1
Project("{9A19103F-16F7-4668-BE54-9A1E7A4F7556}") = "Cheatsheet Csharp", "Cheatsheet Csharp\Cheatsheet Csharp.csproj", "{92648779-A56A-4B26-AEFD-D811C6BB28B7}"
EndProject
Project("{2150E333-8FDC-42A3-9474-1A3956D46DE8}") = "Week 4 delegates and events", "Week 4 delegates and events", "{DC86F822-6FB0-40A9-958D-674E7AC1D0B1}"
EndProject
Project("{FAE04EC0-301F-11D3-BF4B-00C04F79EFBC}") = "E5 week 4b", "..\CheatSheet\Week 4 delegates and events\MarathonManager\E5 week 4b.csproj", "{6F4DCA79-FE38-4F41-B9AD-FC41C5086211}"
EndProject
Project("{9A19103F-16F7-4668-BE54-9A1E7A4F7556}") = "E3 week 4b", "..\CheatSheet\Week 4 delegates and events\CheatSheet\E3 week 4b.csproj", "{31BA69D8-7B34-470B-8F88-2027E07F9116}"
EndProject
Project("{2150E333-8FDC-42A3-9474-1A3956D46DE8}") = "Week 6b Types en memory, foutafhandeling en testen", "Week 6b Types en memory, foutafhandeling en testen", "{F968BC27-72BC-4095-8557-28BA2B8607F1}"
EndProject
Project("{9A19103F-16F7-4668-BE54-9A1E7A4F7556}") = "E2_E3 week 6b", "week 6 E2\E2_E3 week 6b.csproj", "{8AE8F8E6-2F65-48D6-9884-41FA021C1AB2}"
EndProject
Project("{9A19103F-16F7-4668-BE54-9A1E7A4F7556}") = "E2 Tests week 6b", "TestE2\E2 Tests week 6b.csproj", "{8D879D50-0686-4538-B0AA-CF09602451B4}"
EndProject
Project("{2150E333-8FDC-42A3-9474-1A3956D46DE8}") = "Week 7a Linq and Lambda", "Week 7a Linq and Lambda", "{0E6DF9BA-DD17-4354-A823-06C72B48A547}"
EndProject
Project("{FAE04EC0-301F-11D3-BF4B-00C04F79EFBC}") = "E1 week7a", "E1 week7a\E1 week7a.csproj", "{B58D00ED-E5DD-4FC5-BC23-AB798B89B549}"
EndProject
Project("{FAE04EC0-301F-11D3-BF4B-00C04F79EFBC}") = "E2 week7a", "E2 week7a\E2 week7a.csproj", "{28736868-E83F-4718-982F-BE1ED2535E39}"
EndProject
Project("{FAE04EC0-301F-11D3-BF4B-00C04F79EFBC}") = "E3 week7a", "E3 week7a\E3 week7a.csproj", "{4F3817DC-2503-4630-95A7-1801798407BE}"
EndProject
Project("{FAE04EC0-301F-11D3-BF4B-00C04F79EFBC}") = "E4 week7a", "E4 week7a\E4 week7a.csproj", "{45CB2E72-B3B1-48F4-AEDE-E5F6FF1141C9}"
EndProject
Project("{FAE04EC0-301F-11D3-BF4B-00C04F79EFBC}") = "E5 week7a", "E5 week7a\E5 week7a.csproj", "{5941617F-03F3-4657-8ACD-F5F7CC49C3FD}"
EndProject
Project("{2150E333-8FDC-42A3-9474-1A3956D46DE8}") = "Week 7b Linq", "Week 7b Linq", "{D98E7757-06CC-4A39-8580-DB875D17D7BD}"
EndProject
Project("{FAE04EC0-301F-11D3-BF4B-00C04F79EFBC}") = "E1 week7b", "E1 week7b\E1 week7b.csproj", "{B706F87E-7571-4575-8B9D-8C413DDD48E4}"
EndProject
Project("{FAE04EC0-301F-11D3-BF4B-00C04F79EFBC}") = "E2 week7b", "E2 week7b\E2 week7b.csproj", "{EA147297-7C17-4DCC-A57C-D19D1B13B165}"
EndProject
Project("{2150E333-8FDC-42A3-9474-1A3956D46DE8}") = "week6a Reference types", "week6a Reference types", "{EF554822-719B-4484-9D73-A759E1644245}"
EndProject
Project("{FAE04EC0-301F-11D3-BF4B-00C04F79EFBC}") = "E1 week 6a", "E1 week 6a\E1 week 6a.csproj", "{97C24504-1E55-460D-97CC-04848C6E7CFC}"
EndProject
Project("{FAE04EC0-301F-11D3-BF4B-00C04F79EFBC}") = "E2 week 6a", "E2 week 6a\E2 week 6a.csproj", "{BEC7903F-D15E-46ED-97C1-35FEA8DFF1EA}"
EndProject
Project("{FAE04EC0-301F-11D3-BF4B-00C04F79EFBC}") = "E3 week 6a", "E3 week 6a\E3 week 6a.csproj", "{077183C0-6BD1-4314-9B65-51AF9AF21D56}"
EndProject
Global
	GlobalSection(SolutionConfigurationPlatforms) = preSolution
		Debug|Any CPU = Debug|Any CPU
		Release|Any CPU = Release|Any CPU
	EndGlobalSection
	GlobalSection(ProjectConfigurationPlatforms) = postSolution
		{92648779-A56A-4B26-AEFD-D811C6BB28B7}.Debug|Any CPU.ActiveCfg = Debug|Any CPU
		{92648779-A56A-4B26-AEFD-D811C6BB28B7}.Debug|Any CPU.Build.0 = Debug|Any CPU
		{92648779-A56A-4B26-AEFD-D811C6BB28B7}.Release|Any CPU.ActiveCfg = Release|Any CPU
		{92648779-A56A-4B26-AEFD-D811C6BB28B7}.Release|Any CPU.Build.0 = Release|Any CPU
		{6F4DCA79-FE38-4F41-B9AD-FC41C5086211}.Debug|Any CPU.ActiveCfg = Debug|Any CPU
		{6F4DCA79-FE38-4F41-B9AD-FC41C5086211}.Debug|Any CPU.Build.0 = Debug|Any CPU
		{6F4DCA79-FE38-4F41-B9AD-FC41C5086211}.Release|Any CPU.ActiveCfg = Release|Any CPU
		{6F4DCA79-FE38-4F41-B9AD-FC41C5086211}.Release|Any CPU.Build.0 = Release|Any CPU
		{31BA69D8-7B34-470B-8F88-2027E07F9116}.Debug|Any CPU.ActiveCfg = Debug|Any CPU
		{31BA69D8-7B34-470B-8F88-2027E07F9116}.Debug|Any CPU.Build.0 = Debug|Any CPU
		{31BA69D8-7B34-470B-8F88-2027E07F9116}.Release|Any CPU.ActiveCfg = Release|Any CPU
		{31BA69D8-7B34-470B-8F88-2027E07F9116}.Release|Any CPU.Build.0 = Release|Any CPU
		{8AE8F8E6-2F65-48D6-9884-41FA021C1AB2}.Debug|Any CPU.ActiveCfg = Debug|Any CPU
		{8AE8F8E6-2F65-48D6-9884-41FA021C1AB2}.Debug|Any CPU.Build.0 = Debug|Any CPU
		{8AE8F8E6-2F65-48D6-9884-41FA021C1AB2}.Release|Any CPU.ActiveCfg = Release|Any CPU
		{8AE8F8E6-2F65-48D6-9884-41FA021C1AB2}.Release|Any CPU.Build.0 = Release|Any CPU
		{8D879D50-0686-4538-B0AA-CF09602451B4}.Debug|Any CPU.ActiveCfg = Debug|Any CPU
		{8D879D50-0686-4538-B0AA-CF09602451B4}.Debug|Any CPU.Build.0 = Debug|Any CPU
		{8D879D50-0686-4538-B0AA-CF09602451B4}.Release|Any CPU.ActiveCfg = Release|Any CPU
		{8D879D50-0686-4538-B0AA-CF09602451B4}.Release|Any CPU.Build.0 = Release|Any CPU
		{B58D00ED-E5DD-4FC5-BC23-AB798B89B549}.Debug|Any CPU.ActiveCfg = Debug|Any CPU
		{B58D00ED-E5DD-4FC5-BC23-AB798B89B549}.Debug|Any CPU.Build.0 = Debug|Any CPU
		{B58D00ED-E5DD-4FC5-BC23-AB798B89B549}.Release|Any CPU.ActiveCfg = Release|Any CPU
		{B58D00ED-E5DD-4FC5-BC23-AB798B89B549}.Release|Any CPU.Build.0 = Release|Any CPU
		{28736868-E83F-4718-982F-BE1ED2535E39}.Debug|Any CPU.ActiveCfg = Debug|Any CPU
		{28736868-E83F-4718-982F-BE1ED2535E39}.Debug|Any CPU.Build.0 = Debug|Any CPU
		{28736868-E83F-4718-982F-BE1ED2535E39}.Release|Any CPU.ActiveCfg = Release|Any CPU
		{28736868-E83F-4718-982F-BE1ED2535E39}.Release|Any CPU.Build.0 = Release|Any CPU
		{4F3817DC-2503-4630-95A7-1801798407BE}.Debug|Any CPU.ActiveCfg = Debug|Any CPU
		{4F3817DC-2503-4630-95A7-1801798407BE}.Debug|Any CPU.Build.0 = Debug|Any CPU
		{4F3817DC-2503-4630-95A7-1801798407BE}.Release|Any CPU.ActiveCfg = Release|Any CPU
		{4F3817DC-2503-4630-95A7-1801798407BE}.Release|Any CPU.Build.0 = Release|Any CPU
		{45CB2E72-B3B1-48F4-AEDE-E5F6FF1141C9}.Debug|Any CPU.ActiveCfg = Debug|Any CPU
		{45CB2E72-B3B1-48F4-AEDE-E5F6FF1141C9}.Debug|Any CPU.Build.0 = Debug|Any CPU
		{45CB2E72-B3B1-48F4-AEDE-E5F6FF1141C9}.Release|Any CPU.ActiveCfg = Release|Any CPU
		{45CB2E72-B3B1-48F4-AEDE-E5F6FF1141C9}.Release|Any CPU.Build.0 = Release|Any CPU
		{5941617F-03F3-4657-8ACD-F5F7CC49C3FD}.Debug|Any CPU.ActiveCfg = Debug|Any CPU
		{5941617F-03F3-4657-8ACD-F5F7CC49C3FD}.Debug|Any CPU.Build.0 = Debug|Any CPU
		{5941617F-03F3-4657-8ACD-F5F7CC49C3FD}.Release|Any CPU.ActiveCfg = Release|Any CPU
		{5941617F-03F3-4657-8ACD-F5F7CC49C3FD}.Release|Any CPU.Build.0 = Release|Any CPU
		{B706F87E-7571-4575-8B9D-8C413DDD48E4}.Debug|Any CPU.ActiveCfg = Debug|Any CPU
		{B706F87E-7571-4575-8B9D-8C413DDD48E4}.Debug|Any CPU.Build.0 = Debug|Any CPU
		{B706F87E-7571-4575-8B9D-8C413DDD48E4}.Release|Any CPU.ActiveCfg = Release|Any CPU
		{B706F87E-7571-4575-8B9D-8C413DDD48E4}.Release|Any CPU.Build.0 = Release|Any CPU
		{EA147297-7C17-4DCC-A57C-D19D1B13B165}.Debug|Any CPU.ActiveCfg = Debug|Any CPU
		{EA147297-7C17-4DCC-A57C-D19D1B13B165}.Debug|Any CPU.Build.0 = Debug|Any CPU
		{EA147297-7C17-4DCC-A57C-D19D1B13B165}.Release|Any CPU.ActiveCfg = Release|Any CPU
		{EA147297-7C17-4DCC-A57C-D19D1B13B165}.Release|Any CPU.Build.0 = Release|Any CPU
		{97C24504-1E55-460D-97CC-04848C6E7CFC}.Debug|Any CPU.ActiveCfg = Debug|Any CPU
		{97C24504-1E55-460D-97CC-04848C6E7CFC}.Debug|Any CPU.Build.0 = Debug|Any CPU
		{97C24504-1E55-460D-97CC-04848C6E7CFC}.Release|Any CPU.ActiveCfg = Release|Any CPU
		{97C24504-1E55-460D-97CC-04848C6E7CFC}.Release|Any CPU.Build.0 = Release|Any CPU
		{BEC7903F-D15E-46ED-97C1-35FEA8DFF1EA}.Debug|Any CPU.ActiveCfg = Debug|Any CPU
		{BEC7903F-D15E-46ED-97C1-35FEA8DFF1EA}.Debug|Any CPU.Build.0 = Debug|Any CPU
		{BEC7903F-D15E-46ED-97C1-35FEA8DFF1EA}.Release|Any CPU.ActiveCfg = Release|Any CPU
		{BEC7903F-D15E-46ED-97C1-35FEA8DFF1EA}.Release|Any CPU.Build.0 = Release|Any CPU
		{077183C0-6BD1-4314-9B65-51AF9AF21D56}.Debug|Any CPU.ActiveCfg = Debug|Any CPU
		{077183C0-6BD1-4314-9B65-51AF9AF21D56}.Debug|Any CPU.Build.0 = Debug|Any CPU
		{077183C0-6BD1-4314-9B65-51AF9AF21D56}.Release|Any CPU.ActiveCfg = Release|Any CPU
		{077183C0-6BD1-4314-9B65-51AF9AF21D56}.Release|Any CPU.Build.0 = Release|Any CPU
	EndGlobalSection
	GlobalSection(SolutionProperties) = preSolution
		HideSolutionNode = FALSE
	EndGlobalSection
	GlobalSection(NestedProjects) = preSolution
		{6F4DCA79-FE38-4F41-B9AD-FC41C5086211} = {DC86F822-6FB0-40A9-958D-674E7AC1D0B1}
		{31BA69D8-7B34-470B-8F88-2027E07F9116} = {DC86F822-6FB0-40A9-958D-674E7AC1D0B1}
		{8AE8F8E6-2F65-48D6-9884-41FA021C1AB2} = {F968BC27-72BC-4095-8557-28BA2B8607F1}
		{8D879D50-0686-4538-B0AA-CF09602451B4} = {F968BC27-72BC-4095-8557-28BA2B8607F1}
		{B58D00ED-E5DD-4FC5-BC23-AB798B89B549} = {0E6DF9BA-DD17-4354-A823-06C72B48A547}
		{28736868-E83F-4718-982F-BE1ED2535E39} = {0E6DF9BA-DD17-4354-A823-06C72B48A547}
		{4F3817DC-2503-4630-95A7-1801798407BE} = {0E6DF9BA-DD17-4354-A823-06C72B48A547}
		{45CB2E72-B3B1-48F4-AEDE-E5F6FF1141C9} = {0E6DF9BA-DD17-4354-A823-06C72B48A547}
		{5941617F-03F3-4657-8ACD-F5F7CC49C3FD} = {0E6DF9BA-DD17-4354-A823-06C72B48A547}
		{B706F87E-7571-4575-8B9D-8C413DDD48E4} = {D98E7757-06CC-4A39-8580-DB875D17D7BD}
		{EA147297-7C17-4DCC-A57C-D19D1B13B165} = {D98E7757-06CC-4A39-8580-DB875D17D7BD}
		{97C24504-1E55-460D-97CC-04848C6E7CFC} = {EF554822-719B-4484-9D73-A759E1644245}
		{BEC7903F-D15E-46ED-97C1-35FEA8DFF1EA} = {EF554822-719B-4484-9D73-A759E1644245}
		{077183C0-6BD1-4314-9B65-51AF9AF21D56} = {EF554822-719B-4484-9D73-A759E1644245}
	EndGlobalSection
	GlobalSection(ExtensibilityGlobals) = postSolution
		SolutionGuid = {DA87C11B-000F-4F14-8D39-8A956E3B4C18}
	EndGlobalSection
EndGlobal
